# This file was autogenerated by Stack.
# You should not edit this file by hand.
# For more information, please see the documentation at:
#   https://docs.haskellstack.org/en/stable/topics/lock_files

packages:
- completed:
    hackage: ilist-0.4.0.1@sha256:126019faf3d02f305c5762ae9602be1cbf76291153a1a7461270ad1429678111,3305
    pantry-tree:
      sha256: 1e45ec9d7d543f0689da97b6de57b9a729c605660af73e15848c10b37640a888
      size: 438
  original:
    hackage: ilist-0.4.0.1
snapshots:
- completed:
    sha256: d133abe75e408a407cce3f032c96ac1bbadf474a93b5156ebf4135b53382d56b
    size: 683827
    url: https://raw.githubusercontent.com/commercialhaskell/stackage-snapshots/master/lts/23/18.yaml
  original: lts-23.18
